
Microsoft Visual Studio Solution File, Format Version 12.00
# Visual Studio Version 17
VisualStudioVersion = 17.1.32328.378
MinimumVisualStudioVersion = 10.0.40219.1
Project("{FAE04EC0-301F-11D3-BF4B-00C04F79EFBC}") = "LabNet2022.TP4.DataAccess", "LabNet2022.TP4.DataAccess\LabNet2022.TP4.DataAccess.csproj", "{9AC499BD-0CE2-45E2-922E-6AA727FBBB12}"
EndProject
Project("{FAE04EC0-301F-11D3-BF4B-00C04F79EFBC}") = "LabNet2022.TP4.Domain", "LabNet2022.TP4.Domain\LabNet2022.TP4.Domain.csproj", "{9783CC25-B54B-4043-AAC1-1038FEF1F81A}"
EndProject
Project("{FAE04EC0-301F-11D3-BF4B-00C04F79EFBC}") = "LabNet2022.TP4.Logic", "LabNet2022.TP4.Logic\LabNet2022.TP4.Logic.csproj", "{CE5198D6-2A3C-401B-A8F7-B9AB511275EC}"
EndProject
Project("{FAE04EC0-301F-11D3-BF4B-00C04F79EFBC}") = "LabNet2022.TP7.Web", "LabNet2022.TP7.Web\LabNet2022.TP7.Web.csproj", "{68DFF2C9-A96A-4D00-BA61-BCBB5250ED10}"
EndProject
Global
	GlobalSection(SolutionConfigurationPlatforms) = preSolution
		Debug|Any CPU = Debug|Any CPU
		Release|Any CPU = Release|Any CPU
	EndGlobalSection
	GlobalSection(ProjectConfigurationPlatforms) = postSolution
		{9AC499BD-0CE2-45E2-922E-6AA727FBBB12}.Debug|Any CPU.ActiveCfg = Debug|Any CPU
		{9AC499BD-0CE2-45E2-922E-6AA727FBBB12}.Debug|Any CPU.Build.0 = Debug|Any CPU
		{9AC499BD-0CE2-45E2-922E-6AA727FBBB12}.Release|Any CPU.ActiveCfg = Release|Any CPU
		{9AC499BD-0CE2-45E2-922E-6AA727FBBB12}.Release|Any CPU.Build.0 = Release|Any CPU
		{9783CC25-B54B-4043-AAC1-1038FEF1F81A}.Debug|Any CPU.ActiveCfg = Debug|Any CPU
		{9783CC25-B54B-4043-AAC1-1038FEF1F81A}.Debug|Any CPU.Build.0 = Debug|Any CPU
		{9783CC25-B54B-4043-AAC1-1038FEF1F81A}.Release|Any CPU.ActiveCfg = Release|Any CPU
		{9783CC25-B54B-4043-AAC1-1038FEF1F81A}.Release|Any CPU.Build.0 = Release|Any CPU
		{CE5198D6-2A3C-401B-A8F7-B9AB511275EC}.Debug|Any CPU.ActiveCfg = Debug|Any CPU
		{CE5198D6-2A3C-401B-A8F7-B9AB511275EC}.Debug|Any CPU.Build.0 = Debug|Any CPU
		{CE5198D6-2A3C-401B-A8F7-B9AB511275EC}.Release|Any CPU.ActiveCfg = Release|Any CPU
		{CE5198D6-2A3C-401B-A8F7-B9AB511275EC}.Release|Any CPU.Build.0 = Release|Any CPU
		{68DFF2C9-A96A-4D00-BA61-BCBB5250ED10}.Debug|Any CPU.ActiveCfg = Debug|Any CPU
		{68DFF2C9-A96A-4D00-BA61-BCBB5250ED10}.Debug|Any CPU.Build.0 = Debug|Any CPU
		{68DFF2C9-A96A-4D00-BA61-BCBB5250ED10}.Release|Any CPU.ActiveCfg = Release|Any CPU
		{68DFF2C9-A96A-4D00-BA61-BCBB5250ED10}.Release|Any CPU.Build.0 = Release|Any CPU
	EndGlobalSection
	GlobalSection(SolutionProperties) = preSolution
		HideSolutionNode = FALSE
	EndGlobalSection
	GlobalSection(ExtensibilityGlobals) = postSolution
		SolutionGuid = {800A8265-0682-4E02-AAE6-ABB505167DC1}
	EndGlobalSection
EndGlobal
